// !$*UTF8*$!
{
	archiveVersion = 1;
	classes = {
	};
	objectVersion = 50;
	objects = {

/* Begin PBXBuildFile section */
		4E2FFD5324719E3400382C63 /* AppDelegate.swift in Sources */ = {isa = PBXBuildFile; fileRef = 4E2FFD5224719E3400382C63 /* AppDelegate.swift */; };
		4E2FFD5524719E3400382C63 /* SceneDelegate.swift in Sources */ = {isa = PBXBuildFile; fileRef = 4E2FFD5424719E3400382C63 /* SceneDelegate.swift */; };
		4E2FFD5724719E3400382C63 /* ViewController.swift in Sources */ = {isa = PBXBuildFile; fileRef = 4E2FFD5624719E3400382C63 /* ViewController.swift */; };
		4E2FFD5A24719E3400382C63 /* Main.storyboard in Resources */ = {isa = PBXBuildFile; fileRef = 4E2FFD5824719E3400382C63 /* Main.storyboard */; };
		4E2FFD5C24719E3500382C63 /* Assets.xcassets in Resources */ = {isa = PBXBuildFile; fileRef = 4E2FFD5B24719E3500382C63 /* Assets.xcassets */; };
		4E2FFD5F24719E3500382C63 /* LaunchScreen.storyboard in Resources */ = {isa = PBXBuildFile; fileRef = 4E2FFD5D24719E3500382C63 /* LaunchScreen.storyboard */; };
		4E2FFD6A24719E3500382C63 /* PianoHapticTests.swift in Sources */ = {isa = PBXBuildFile; fileRef = 4E2FFD6924719E3500382C63 /* PianoHapticTests.swift */; };
		4E2FFD7524719E3500382C63 /* PianoHapticUITests.swift in Sources */ = {isa = PBXBuildFile; fileRef = 4E2FFD7424719E3500382C63 /* PianoHapticUITests.swift */; };
/* End PBXBuildFile section */

/* Begin PBXContainerItemProxy section */
		4E2FFD6624719E3500382C63 /* PBXContainerItemProxy */ = {
			isa = PBXContainerItemProxy;
			containerPortal = 4E2FFD4724719E3400382C63 /* Project object */;
			proxyType = 1;
			remoteGlobalIDString = 4E2FFD4E24719E3400382C63;
			remoteInfo = PianoHaptic;
		};
		4E2FFD7124719E3500382C63 /* PBXContainerItemProxy */ = {
			isa = PBXContainerItemProxy;
			containerPortal = 4E2FFD4724719E3400382C63 /* Project object */;
			proxyType = 1;
			remoteGlobalIDString = 4E2FFD4E24719E3400382C63;
			remoteInfo = PianoHaptic;
		};
/* End PBXContainerItemProxy section */

/* Begin PBXFileReference section */
		4E2FFD4F24719E3400382C63 /* PianoHaptic.app */ = {isa = PBXFileReference; explicitFileType = wrapper.application; includeInIndex = 0; path = PianoHaptic.app; sourceTree = BUILT_PRODUCTS_DIR; };
		4E2FFD5224719E3400382C63 /* AppDelegate.swift */ = {isa = PBXFileReference; lastKnownFileType = sourcecode.swift; path = AppDelegate.swift; sourceTree = "<group>"; };
		4E2FFD5424719E3400382C63 /* SceneDelegate.swift */ = {isa = PBXFileReference; lastKnownFileType = sourcecode.swift; path = SceneDelegate.swift; sourceTree = "<group>"; };
		4E2FFD5624719E3400382C63 /* ViewController.swift */ = {isa = PBXFileReference; lastKnownFileType = sourcecode.swift; path = ViewController.swift; sourceTree = "<group>"; };
		4E2FFD5924719E3400382C63 /* Base */ = {isa = PBXFileReference; lastKnownFileType = file.storyboard; name = Base; path = Base.lproj/Main.storyboard; sourceTree = "<group>"; };
		4E2FFD5B24719E3500382C63 /* Assets.xcassets */ = {isa = PBXFileReference; lastKnownFileType = folder.assetcatalog; path = Assets.xcassets; sourceTree = "<group>"; };
		4E2FFD5E24719E3500382C63 /* Base */ = {isa = PBXFileReference; lastKnownFileType = file.storyboard; name = Base; path = Base.lproj/LaunchScreen.storyboard; sourceTree = "<group>"; };
		4E2FFD6024719E3500382C63 /* Info.plist */ = {isa = PBXFileReference; lastKnownFileType = text.plist.xml; path = Info.plist; sourceTree = "<group>"; };
		4E2FFD6524719E3500382C63 /* PianoHapticTests.xctest */ = {isa = PBXFileReference; explicitFileType = wrapper.cfbundle; includeInIndex = 0; path = PianoHapticTests.xctest; sourceTree = BUILT_PRODUCTS_DIR; };
		4E2FFD6924719E3500382C63 /* PianoHapticTests.swift */ = {isa = PBXFileReference; lastKnownFileType = sourcecode.swift; path = PianoHapticTests.swift; sourceTree = "<group>"; };
		4E2FFD6B24719E3500382C63 /* Info.plist */ = {isa = PBXFileReference; lastKnownFileType = text.plist.xml; path = Info.plist; sourceTree = "<group>"; };
		4E2FFD7024719E3500382C63 /* PianoHapticUITests.xctest */ = {isa = PBXFileReference; explicitFileType = wrapper.cfbundle; includeInIndex = 0; path = PianoHapticUITests.xctest; sourceTree = BUILT_PRODUCTS_DIR; };
		4E2FFD7424719E3500382C63 /* PianoHapticUITests.swift */ = {isa = PBXFileReference; lastKnownFileType = sourcecode.swift; path = PianoHapticUITests.swift; sourceTree = "<group>"; };
		4E2FFD7624719E3500382C63 /* Info.plist */ = {isa = PBXFileReference; lastKnownFileType = text.plist.xml; path = Info.plist; sourceTree = "<group>"; };
/* End PBXFileReference section */

/* Begin PBXFrameworksBuildPhase section */
		4E2FFD4C24719E3400382C63 /* Frameworks */ = {
			isa = PBXFrameworksBuildPhase;
			buildActionMask = 2147483647;
			files = (
			);
			runOnlyForDeploymentPostprocessing = 0;
		};
		4E2FFD6224719E3500382C63 /* Frameworks */ = {
			isa = PBXFrameworksBuildPhase;
			buildActionMask = 2147483647;
			files = (
			);
			runOnlyForDeploymentPostprocessing = 0;
		};
		4E2FFD6D24719E3500382C63 /* Frameworks */ = {
			isa = PBXFrameworksBuildPhase;
			buildActionMask = 2147483647;
			files = (
			);
			runOnlyForDeploymentPostprocessing = 0;
		};
/* End PBXFrameworksBuildPhase section */

/* Begin PBXGroup section */
		4E2FFD4624719E3400382C63 = {
			isa = PBXGroup;
			children = (
				4E2FFD5124719E3400382C63 /* PianoHaptic */,
				4E2FFD6824719E3500382C63 /* PianoHapticTests */,
				4E2FFD7324719E3500382C63 /* PianoHapticUITests */,
				4E2FFD5024719E3400382C63 /* Products */,
			);
			sourceTree = "<group>";
		};
		4E2FFD5024719E3400382C63 /* Products */ = {
			isa = PBXGroup;
			children = (
				4E2FFD4F24719E3400382C63 /* PianoHaptic.app */,
				4E2FFD6524719E3500382C63 /* PianoHapticTests.xctest */,
				4E2FFD7024719E3500382C63 /* PianoHapticUITests.xctest */,
			);
			name = Products;
			sourceTree = "<group>";
		};
		4E2FFD5124719E3400382C63 /* PianoHaptic */ = {
			isa = PBXGroup;
			children = (
				4E2FFD5224719E3400382C63 /* AppDelegate.swift */,
				4E2FFD5424719E3400382C63 /* SceneDelegate.swift */,
				4E2FFD5624719E3400382C63 /* ViewController.swift */,
				4E2FFD5824719E3400382C63 /* Main.storyboard */,
				4E2FFD5B24719E3500382C63 /* Assets.xcassets */,
				4E2FFD5D24719E3500382C63 /* LaunchScreen.storyboard */,
				4E2FFD6024719E3500382C63 /* Info.plist */,
			);
			path = PianoHaptic;
			sourceTree = "<group>";
		};
		4E2FFD6824719E3500382C63 /* PianoHapticTests */ = {
			isa = PBXGroup;
			children = (
				4E2FFD6924719E3500382C63 /* PianoHapticTests.swift */,
				4E2FFD6B24719E3500382C63 /* Info.plist */,
			);
			path = PianoHapticTests;
			sourceTree = "<group>";
		};
		4E2FFD7324719E3500382C63 /* PianoHapticUITests */ = {
			isa = PBXGroup;
			children = (
				4E2FFD7424719E3500382C63 /* PianoHapticUITests.swift */,
				4E2FFD7624719E3500382C63 /* Info.plist */,
			);
			path = PianoHapticUITests;
			sourceTree = "<group>";
		};
/* End PBXGroup section */

/* Begin PBXNativeTarget section */
		4E2FFD4E24719E3400382C63 /* PianoHaptic */ = {
			isa = PBXNativeTarget;
			buildConfigurationList = 4E2FFD7924719E3500382C63 /* Build configuration list for PBXNativeTarget "PianoHaptic" */;
			buildPhases = (
				4E2FFD4B24719E3400382C63 /* Sources */,
				4E2FFD4C24719E3400382C63 /* Frameworks */,
				4E2FFD4D24719E3400382C63 /* Resources */,
			);
			buildRules = (
			);
			dependencies = (
			);
			name = PianoHaptic;
			productName = PianoHaptic;
			productReference = 4E2FFD4F24719E3400382C63 /* PianoHaptic.app */;
			productType = "com.apple.product-type.application";
		};
		4E2FFD6424719E3500382C63 /* PianoHapticTests */ = {
			isa = PBXNativeTarget;
			buildConfigurationList = 4E2FFD7C24719E3500382C63 /* Build configuration list for PBXNativeTarget "PianoHapticTests" */;
			buildPhases = (
				4E2FFD6124719E3500382C63 /* Sources */,
				4E2FFD6224719E3500382C63 /* Frameworks */,
				4E2FFD6324719E3500382C63 /* Resources */,
			);
			buildRules = (
			);
			dependencies = (
				4E2FFD6724719E3500382C63 /* PBXTargetDependency */,
			);
			name = PianoHapticTests;
			productName = PianoHapticTests;
			productReference = 4E2FFD6524719E3500382C63 /* PianoHapticTests.xctest */;
			productType = "com.apple.product-type.bundle.unit-test";
		};
		4E2FFD6F24719E3500382C63 /* PianoHapticUITests */ = {
			isa = PBXNativeTarget;
			buildConfigurationList = 4E2FFD7F24719E3500382C63 /* Build configuration list for PBXNativeTarget "PianoHapticUITests" */;
			buildPhases = (
				4E2FFD6C24719E3500382C63 /* Sources */,
				4E2FFD6D24719E3500382C63 /* Frameworks */,
				4E2FFD6E24719E3500382C63 /* Resources */,
			);
			buildRules = (
			);
			dependencies = (
				4E2FFD7224719E3500382C63 /* PBXTargetDependency */,
			);
			name = PianoHapticUITests;
			productName = PianoHapticUITests;
			productReference = 4E2FFD7024719E3500382C63 /* PianoHapticUITests.xctest */;
			productType = "com.apple.product-type.bundle.ui-testing";
		};
/* End PBXNativeTarget section */

/* Begin PBXProject section */
		4E2FFD4724719E3400382C63 /* Project object */ = {
			isa = PBXProject;
			attributes = {
				LastSwiftUpdateCheck = 1140;
				LastUpgradeCheck = 1140;
				ORGANIZATIONNAME = "Muhammad Rajab Priharsanto";
				TargetAttributes = {
					4E2FFD4E24719E3400382C63 = {
						CreatedOnToolsVersion = 11.4.1;
					};
					4E2FFD6424719E3500382C63 = {
						CreatedOnToolsVersion = 11.4.1;
						TestTargetID = 4E2FFD4E24719E3400382C63;
					};
					4E2FFD6F24719E3500382C63 = {
						CreatedOnToolsVersion = 11.4.1;
						TestTargetID = 4E2FFD4E24719E3400382C63;
					};
				};
			};
			buildConfigurationList = 4E2FFD4A24719E3400382C63 /* Build configuration list for PBXProject "PianoHaptic" */;
			compatibilityVersion = "Xcode 9.3";
			developmentRegion = en;
			hasScannedForEncodings = 0;
			knownRegions = (
				en,
				Base,
			);
			mainGroup = 4E2FFD4624719E3400382C63;
			productRefGroup = 4E2FFD5024719E3400382C63 /* Products */;
			projectDirPath = "";
			projectRoot = "";
			targets = (
				4E2FFD4E24719E3400382C63 /* PianoHaptic */,
				4E2FFD6424719E3500382C63 /* PianoHapticTests */,
				4E2FFD6F24719E3500382C63 /* PianoHapticUITests */,
			);
		};
/* End PBXProject section */

/* Begin PBXResourcesBuildPhase section */
		4E2FFD4D24719E3400382C63 /* Resources */ = {
			isa = PBXResourcesBuildPhase;
			buildActionMask = 2147483647;
			files = (
				4E2FFD5F24719E3500382C63 /* LaunchScreen.storyboard in Resources */,
				4E2FFD5C24719E3500382C63 /* Assets.xcassets in Resources */,
				4E2FFD5A24719E3400382C63 /* Main.storyboard in Resources */,
			);
			runOnlyForDeploymentPostprocessing = 0;
		};
		4E2FFD6324719E3500382C63 /* Resources */ = {
			isa = PBXResourcesBuildPhase;
			buildActionMask = 2147483647;
			files = (
			);
			runOnlyForDeploymentPostprocessing = 0;
		};
		4E2FFD6E24719E3500382C63 /* Resources */ = {
			isa = PBXResourcesBuildPhase;
			buildActionMask = 2147483647;
			files = (
			);
			runOnlyForDeploymentPostprocessing = 0;
		};
/* End PBXResourcesBuildPhase section */

/* Begin PBXSourcesBuildPhase section */
		4E2FFD4B24719E3400382C63 /* Sources */ = {
			isa = PBXSourcesBuildPhase;
			buildActionMask = 2147483647;
			files = (
				4E2FFD5724719E3400382C63 /* ViewController.swift in Sources */,
				4E2FFD5324719E3400382C63 /* AppDelegate.swift in Sources */,
				4E2FFD5524719E3400382C63 /* SceneDelegate.swift in Sources */,
			);
			runOnlyForDeploymentPostprocessing = 0;
		};
		4E2FFD6124719E3500382C63 /* Sources */ = {
			isa = PBXSourcesBuildPhase;
			buildActionMask = 2147483647;
			files = (
				4E2FFD6A24719E3500382C63 /* PianoHapticTests.swift in Sources */,
			);
			runOnlyForDeploymentPostprocessing = 0;
		};
		4E2FFD6C24719E3500382C63 /* Sources */ = {
			isa = PBXSourcesBuildPhase;
			buildActionMask = 2147483647;
			files = (
				4E2FFD7524719E3500382C63 /* PianoHapticUITests.swift in Sources */,
			);
			runOnlyForDeploymentPostprocessing = 0;
		};
/* End PBXSourcesBuildPhase section */

/* Begin PBXTargetDependency section */
		4E2FFD6724719E3500382C63 /* PBXTargetDependency */ = {
			isa = PBXTargetDependency;
			target = 4E2FFD4E24719E3400382C63 /* PianoHaptic */;
			targetProxy = 4E2FFD6624719E3500382C63 /* PBXContainerItemProxy */;
		};
		4E2FFD7224719E3500382C63 /* PBXTargetDependency */ = {
			isa = PBXTargetDependency;
			target = 4E2FFD4E24719E3400382C63 /* PianoHaptic */;
			targetProxy = 4E2FFD7124719E3500382C63 /* PBXContainerItemProxy */;
		};
/* End PBXTargetDependency section */

/* Begin PBXVariantGroup section */
		4E2FFD5824719E3400382C63 /* Main.storyboard */ = {
			isa = PBXVariantGroup;
			children = (
				4E2FFD5924719E3400382C63 /* Base */,
			);
			name = Main.storyboard;
			sourceTree = "<group>";
		};
		4E2FFD5D24719E3500382C63 /* LaunchScreen.storyboard */ = {
			isa = PBXVariantGroup;
			children = (
				4E2FFD5E24719E3500382C63 /* Base */,
			);
			name = LaunchScreen.storyboard;
			sourceTree = "<group>";
		};
/* End PBXVariantGroup section */

/* Begin XCBuildConfiguration section */
		4E2FFD7724719E3500382C63 /* Debug */ = {
			isa = XCBuildConfiguration;
			buildSettings = {
				ALWAYS_SEARCH_USER_PATHS = NO;
				CLANG_ANALYZER_NONNULL = YES;
				CLANG_ANALYZER_NUMBER_OBJECT_CONVERSION = YES_AGGRESSIVE;
				CLANG_CXX_LANGUAGE_STANDARD = "gnu++14";
				CLANG_CXX_LIBRARY = "libc++";
				CLANG_ENABLE_MODULES = YES;
				CLANG_ENABLE_OBJC_ARC = YES;
				CLANG_ENABLE_OBJC_WEAK = YES;
				CLANG_WARN_BLOCK_CAPTURE_AUTORELEASING = YES;
				CLANG_WARN_BOOL_CONVERSION = YES;
				CLANG_WARN_COMMA = YES;
				CLANG_WARN_CONSTANT_CONVERSION = YES;
				CLANG_WARN_DEPRECATED_OBJC_IMPLEMENTATIONS = YES;
				CLANG_WARN_DIRECT_OBJC_ISA_USAGE = YES_ERROR;
				CLANG_WARN_DOCUMENTATION_COMMENTS = YES;
				CLANG_WARN_EMPTY_BODY = YES;
				CLANG_WARN_ENUM_CONVERSION = YES;
				CLANG_WARN_INFINITE_RECURSION = YES;
				CLANG_WARN_INT_CONVERSION = YES;
				CLANG_WARN_NON_LITERAL_NULL_CONVERSION = YES;
				CLANG_WARN_OBJC_IMPLICIT_RETAIN_SELF = YES;
				CLANG_WARN_OBJC_LITERAL_CONVERSION = YES;
				CLANG_WARN_OBJC_ROOT_CLASS = YES_ERROR;
				CLANG_WARN_RANGE_LOOP_ANALYSIS = YES;
				CLANG_WARN_STRICT_PROTOTYPES = YES;
				CLANG_WARN_SUSPICIOUS_MOVE = YES;
				CLANG_WARN_UNGUARDED_AVAILABILITY = YES_AGGRESSIVE;
				CLANG_WARN_UNREACHABLE_CODE = YES;
				CLANG_WARN__DUPLICATE_METHOD_MATCH = YES;
				COPY_PHASE_STRIP = NO;
				DEBUG_INFORMATION_FORMAT = dwarf;
				ENABLE_STRICT_OBJC_MSGSEND = YES;
				ENABLE_TESTABILITY = YES;
				GCC_C_LANGUAGE_STANDARD = gnu11;
				GCC_DYNAMIC_NO_PIC = NO;
				GCC_NO_COMMON_BLOCKS = YES;
				GCC_OPTIMIZATION_LEVEL = 0;
				GCC_PREPROCESSOR_DEFINITIONS = (
					"DEBUG=1",
					"$(inherited)",
				);
				GCC_WARN_64_TO_32_BIT_CONVERSION = YES;
				GCC_WARN_ABOUT_RETURN_TYPE = YES_ERROR;
				GCC_WARN_UNDECLARED_SELECTOR = YES;
				GCC_WARN_UNINITIALIZED_AUTOS = YES_AGGRESSIVE;
				GCC_WARN_UNUSED_FUNCTION = YES;
				GCC_WARN_UNUSED_VARIABLE = YES;
				IPHONEOS_DEPLOYMENT_TARGET = 13.4;
				MTL_ENABLE_DEBUG_INFO = INCLUDE_SOURCE;
				MTL_FAST_MATH = YES;
				ONLY_ACTIVE_ARCH = YES;
				SDKROOT = iphoneos;
				SWIFT_ACTIVE_COMPILATION_CONDITIONS = DEBUG;
				SWIFT_OPTIMIZATION_LEVEL = "-Onone";
			};
			name = Debug;
		};
		4E2FFD7824719E3500382C63 /* Release */ = {
			isa = XCBuildConfiguration;
			buildSettings = {
				ALWAYS_SEARCH_USER_PATHS = NO;
				CLANG_ANALYZER_NONNULL = YES;
				CLANG_ANALYZER_NUMBER_OBJECT_CONVERSION = YES_AGGRESSIVE;
				CLANG_CXX_LANGUAGE_STANDARD = "gnu++14";
				CLANG_CXX_LIBRARY = "libc++";
				CLANG_ENABLE_MODULES = YES;
				CLANG_ENABLE_OBJC_ARC = YES;
				CLANG_ENABLE_OBJC_WEAK = YES;
				CLANG_WARN_BLOCK_CAPTURE_AUTORELEASING = YES;
				CLANG_WARN_BOOL_CONVERSION = YES;
				CLANG_WARN_COMMA = YES;
				CLANG_WARN_CONSTANT_CONVERSION = YES;
				CLANG_WARN_DEPRECATED_OBJC_IMPLEMENTATIONS = YES;
				CLANG_WARN_DIRECT_OBJC_ISA_USAGE = YES_ERROR;
				CLANG_WARN_DOCUMENTATION_COMMENTS = YES;
				CLANG_WARN_EMPTY_BODY = YES;
				CLANG_WARN_ENUM_CONVERSION = YES;
				CLANG_WARN_INFINITE_RECURSION = YES;
				CLANG_WARN_INT_CONVERSION = YES;
				CLANG_WARN_NON_LITERAL_NULL_CONVERSION = YES;
				CLANG_WARN_OBJC_IMPLICIT_RETAIN_SELF = YES;
				CLANG_WARN_OBJC_LITERAL_CONVERSION = YES;
				CLANG_WARN_OBJC_ROOT_CLASS = YES_ERROR;
				CLANG_WARN_RANGE_LOOP_ANALYSIS = YES;
				CLANG_WARN_STRICT_PROTOTYPES = YES;
				CLANG_WARN_SUSPICIOUS_MOVE = YES;
				CLANG_WARN_UNGUARDED_AVAILABILITY = YES_AGGRESSIVE;
				CLANG_WARN_UNREACHABLE_CODE = YES;
				CLANG_WARN__DUPLICATE_METHOD_MATCH = YES;
				COPY_PHASE_STRIP = NO;
				DEBUG_INFORMATION_FORMAT = "dwarf-with-dsym";
				ENABLE_NS_ASSERTIONS = NO;
				ENABLE_STRICT_OBJC_MSGSEND = YES;
				GCC_C_LANGUAGE_STANDARD = gnu11;
				GCC_NO_COMMON_BLOCKS = YES;
				GCC_WARN_64_TO_32_BIT_CONVERSION = YES;
				GCC_WARN_ABOUT_RETURN_TYPE = YES_ERROR;
				GCC_WARN_UNDECLARED_SELECTOR = YES;
				GCC_WARN_UNINITIALIZED_AUTOS = YES_AGGRESSIVE;
				GCC_WARN_UNUSED_FUNCTION = YES;
				GCC_WARN_UNUSED_VARIABLE = YES;
				IPHONEOS_DEPLOYMENT_TARGET = 13.4;
				MTL_ENABLE_DEBUG_INFO = NO;
				MTL_FAST_MATH = YES;
				SDKROOT = iphoneos;
				SWIFT_COMPILATION_MODE = wholemodule;
				SWIFT_OPTIMIZATION_LEVEL = "-O";
				VALIDATE_PRODUCT = YES;
			};
			name = Release;
		};
		4E2FFD7A24719E3500382C63 /* Debug */ = {
			isa = XCBuildConfiguration;
			buildSettings = {
				ASSETCATALOG_COMPILER_APPICON_NAME = AppIcon;
				CODE_SIGN_STYLE = Automatic;
				DEVELOPMENT_TEAM = 85YSJX97S8;
				INFOPLIST_FILE = PianoHaptic/Info.plist;
				LD_RUNPATH_SEARCH_PATHS = (
					"$(inherited)",
					"@executable_path/Frameworks",
				);
				PRODUCT_BUNDLE_IDENTIFIER = com.MuhammadRajab.PianoHaptic;
				PRODUCT_NAME = "$(TARGET_NAME)";
				SWIFT_VERSION = 5.0;
				TARGETED_DEVICE_FAMILY = "1,2";
			};
			name = Debug;
		};
		4E2FFD7B24719E3500382C63 /* Release */ = {
			isa = XCBuildConfiguration;
			buildSettings = {
				ASSETCATALOG_COMPILER_APPICON_NAME = AppIcon;
				CODE_SIGN_STYLE = Automatic;
				DEVELOPMENT_TEAM = 85YSJX97S8;
				INFOPLIST_FILE = PianoHaptic/Info.plist;
				LD_RUNPATH_SEARCH_PATHS = (
					"$(inherited)",
					"@executable_path/Frameworks",
				);
				PRODUCT_BUNDLE_IDENTIFIER = com.MuhammadRajab.PianoHaptic;
				PRODUCT_NAME = "$(TARGET_NAME)";
				SWIFT_VERSION = 5.0;
				TARGETED_DEVICE_FAMILY = "1,2";
			};
			name = Release;
		};
		4E2FFD7D24719E3500382C63 /* Debug */ = {
			isa = XCBuildConfiguration;
			buildSettings = {
				ALWAYS_EMBED_SWIFT_STANDARD_LIBRARIES = YES;
				BUNDLE_LOADER = "$(TEST_HOST)";
				CODE_SIGN_STYLE = Automatic;
				DEVELOPMENT_TEAM = 85YSJX97S8;
				INFOPLIST_FILE = PianoHapticTests/Info.plist;
				IPHONEOS_DEPLOYMENT_TARGET = 13.4;
				LD_RUNPATH_SEARCH_PATHS = (
					"$(inherited)",
					"@executable_path/Frameworks",
					"@loader_path/Frameworks",
				);
				PRODUCT_BUNDLE_IDENTIFIER = com.MuhammadRajab.PianoHapticTests;
				PRODUCT_NAME = "$(TARGET_NAME)";
				SWIFT_VERSION = 5.0;
				TARGETED_DEVICE_FAMILY = "1,2";
				TEST_HOST = "$(BUILT_PRODUCTS_DIR)/PianoHaptic.app/PianoHaptic";
			};
			name = Debug;
		};
		4E2FFD7E24719E3500382C63 /* Release */ = {
			isa = XCBuildConfiguration;
			buildSettings = {
				ALWAYS_EMBED_SWIFT_STANDARD_LIBRARIES = YES;
				BUNDLE_LOADER = "$(TEST_HOST)";
				CODE_SIGN_STYLE = Automatic;
				DEVELOPMENT_TEAM = 85YSJX97S8;
				INFOPLIST_FILE = PianoHapticTests/Info.plist;
				IPHONEOS_DEPLOYMENT_TARGET = 13.4;
				LD_RUNPATH_SEARCH_PATHS = (
					"$(inherited)",
					"@executable_path/Frameworks",
					"@loader_path/Frameworks",
				);
				PRODUCT_BUNDLE_IDENTIFIER = com.MuhammadRajab.PianoHapticTests;
				PRODUCT_NAME = "$(TARGET_NAME)";
				SWIFT_VERSION = 5.0;
				TARGETED_DEVICE_FAMILY = "1,2";
				TEST_HOST = "$(BUILT_PRODUCTS_DIR)/PianoHaptic.app/PianoHaptic";
			};
			name = Release;
		};
		4E2FFD8024719E3500382C63 /* Debug */ = {
			isa = XCBuildConfiguration;
			buildSettings = {
				ALWAYS_EMBED_SWIFT_STANDARD_LIBRARIES = YES;
				CODE_SIGN_STYLE = Automatic;
				DEVELOPMENT_TEAM = 85YSJX97S8;
				INFOPLIST_FILE = PianoHapticUITests/Info.plist;
				LD_RUNPATH_SEARCH_PATHS = (
					"$(inherited)",
					"@executable_path/Frameworks",
					"@loader_path/Frameworks",
				);
				PRODUCT_BUNDLE_IDENTIFIER = com.MuhammadRajab.PianoHapticUITests;
				PRODUCT_NAME = "$(TARGET_NAME)";
				SWIFT_VERSION = 5.0;
				TARGETED_DEVICE_FAMILY = "1,2";
				TEST_TARGET_NAME = PianoHaptic;
			};
			name = Debug;
		};
		4E2FFD8124719E3500382C63 /* Release */ = {
			isa = XCBuildConfiguration;
			buildSettings = {
				ALWAYS_EMBED_SWIFT_STANDARD_LIBRARIES = YES;
				CODE_SIGN_STYLE = Automatic;
				DEVELOPMENT_TEAM = 85YSJX97S8;
				INFOPLIST_FILE = PianoHapticUITests/Info.plist;
				LD_RUNPATH_SEARCH_PATHS = (
					"$(inherited)",
					"@executable_path/Frameworks",
					"@loader_path/Frameworks",
				);
				PRODUCT_BUNDLE_IDENTIFIER = com.MuhammadRajab.PianoHapticUITests;
				PRODUCT_NAME = "$(TARGET_NAME)";
				SWIFT_VERSION = 5.0;
				TARGETED_DEVICE_FAMILY = "1,2";
				TEST_TARGET_NAME = PianoHaptic;
			};
			name = Release;
		};
/* End XCBuildConfiguration section */

/* Begin XCConfigurationList section */
		4E2FFD4A24719E3400382C63 /* Build configuration list for PBXProject "PianoHaptic" */ = {
			isa = XCConfigurationList;
			buildConfigurations = (
				4E2FFD7724719E3500382C63 /* Debug */,
				4E2FFD7824719E3500382C63 /* Release */,
			);
			defaultConfigurationIsVisible = 0;
			defaultConfigurationName = Release;
		};
		4E2FFD7924719E3500382C63 /* Build configuration list for PBXNativeTarget "PianoHaptic" */ = {
			isa = XCConfigurationList;
			buildConfigurations = (
				4E2FFD7A24719E3500382C63 /* Debug */,
				4E2FFD7B24719E3500382C63 /* Release */,
			);
			defaultConfigurationIsVisible = 0;
			defaultConfigurationName = Release;
		};
		4E2FFD7C24719E3500382C63 /* Build configuration list for PBXNativeTarget "PianoHapticTests" */ = {
			isa = XCConfigurationList;
			buildConfigurations = (
				4E2FFD7D24719E3500382C63 /* Debug */,
				4E2FFD7E24719E3500382C63 /* Release */,
			);
			defaultConfigurationIsVisible = 0;
			defaultConfigurationName = Release;
		};
		4E2FFD7F24719E3500382C63 /* Build configuration list for PBXNativeTarget "PianoHapticUITests" */ = {
			isa = XCConfigurationList;
			buildConfigurations = (
				4E2FFD8024719E3500382C63 /* Debug */,
				4E2FFD8124719E3500382C63 /* Release */,
			);
			defaultConfigurationIsVisible = 0;
			defaultConfigurationName = Release;
		};
/* End XCConfigurationList section */
	};
	rootObject = 4E2FFD4724719E3400382C63 /* Project object */;
}
